// !$*UTF8*$!
{
	archiveVersion = 1;
	classes = {
	};
	objectVersion = 46;
	objects = {

/* Begin PBXBuildFile section */
		C23AA09A1B3C9EFF001ECB54 /* AppDelegate.swift in Sources */ = {isa = PBXBuildFile; fileRef = C23AA0991B3C9EFF001ECB54 /* AppDelegate.swift */; };
		C23AA09C1B3C9EFF001ECB54 /* ViewController.swift in Sources */ = {isa = PBXBuildFile; fileRef = C23AA09B1B3C9EFF001ECB54 /* ViewController.swift */; };
		C23AA09F1B3C9EFF001ECB54 /* Main.storyboard in Resources */ = {isa = PBXBuildFile; fileRef = C23AA09D1B3C9EFF001ECB54 /* Main.storyboard */; };
		C23AA0A11B3C9EFF001ECB54 /* Assets.xcassets in Resources */ = {isa = PBXBuildFile; fileRef = C23AA0A01B3C9EFF001ECB54 /* Assets.xcassets */; };
		C23AA0A41B3C9EFF001ECB54 /* LaunchScreen.storyboard in Resources */ = {isa = PBXBuildFile; fileRef = C23AA0A21B3C9EFF001ECB54 /* LaunchScreen.storyboard */; };
		C23AA0A91B3C9EFF001ECB54 /* WatchAnimationsSwift WatchKit App.app in Embed Watch Content */ = {isa = PBXBuildFile; fileRef = C23AA0A81B3C9EFF001ECB54 /* WatchAnimationsSwift WatchKit App.app */; };
		C23AA0AF1B3C9EFF001ECB54 /* Interface.storyboard in Resources */ = {isa = PBXBuildFile; fileRef = C23AA0AD1B3C9EFF001ECB54 /* Interface.storyboard */; };
		C23AA0B11B3C9EFF001ECB54 /* Assets.xcassets in Resources */ = {isa = PBXBuildFile; fileRef = C23AA0B01B3C9EFF001ECB54 /* Assets.xcassets */; };
		C23AA0B81B3C9EFF001ECB54 /* WatchAnimationsSwift WatchKit Extension.appex in Embed App Extensions */ = {isa = PBXBuildFile; fileRef = C23AA0B71B3C9EFF001ECB54 /* WatchAnimationsSwift WatchKit Extension.appex */; settings = {ATTRIBUTES = (RemoveHeadersOnCopy, ); }; };
		C23AA0BF1B3C9EFF001ECB54 /* InterfaceController.swift in Sources */ = {isa = PBXBuildFile; fileRef = C23AA0BE1B3C9EFF001ECB54 /* InterfaceController.swift */; };
		C23AA0C11B3C9EFF001ECB54 /* ExtensionDelegate.swift in Sources */ = {isa = PBXBuildFile; fileRef = C23AA0C01B3C9EFF001ECB54 /* ExtensionDelegate.swift */; };
		C23AA0C51B3C9EFF001ECB54 /* Assets.xcassets in Resources */ = {isa = PBXBuildFile; fileRef = C23AA0C41B3C9EFF001ECB54 /* Assets.xcassets */; };
/* End PBXBuildFile section */

/* Begin PBXContainerItemProxy section */
		C23AA0AA1B3C9EFF001ECB54 /* PBXContainerItemProxy */ = {
			isa = PBXContainerItemProxy;
			containerPortal = C23AA08E1B3C9EFF001ECB54 /* Project object */;
			proxyType = 1;
			remoteGlobalIDString = C23AA0A71B3C9EFF001ECB54;
			remoteInfo = "WatchAnimationsSwift WatchKit App";
		};
		C23AA0B91B3C9EFF001ECB54 /* PBXContainerItemProxy */ = {
			isa = PBXContainerItemProxy;
			containerPortal = C23AA08E1B3C9EFF001ECB54 /* Project object */;
			proxyType = 1;
			remoteGlobalIDString = C23AA0B61B3C9EFF001ECB54;
			remoteInfo = "WatchAnimationsSwift WatchKit Extension";
		};
/* End PBXContainerItemProxy section */

/* Begin PBXCopyFilesBuildPhase section */
		C23AA0CC1B3C9EFF001ECB54 /* Embed App Extensions */ = {
			isa = PBXCopyFilesBuildPhase;
			buildActionMask = 2147483647;
			dstPath = "";
			dstSubfolderSpec = 13;
			files = (
				C23AA0B81B3C9EFF001ECB54 /* WatchAnimationsSwift WatchKit Extension.appex in Embed App Extensions */,
			);
			name = "Embed App Extensions";
			runOnlyForDeploymentPostprocessing = 0;
		};
		C23AA0D01B3C9EFF001ECB54 /* Embed Watch Content */ = {
			isa = PBXCopyFilesBuildPhase;
			buildActionMask = 2147483647;
			dstPath = "$(CONTENTS_FOLDER_PATH)/Watch";
			dstSubfolderSpec = 16;
			files = (
				C23AA0A91B3C9EFF001ECB54 /* WatchAnimationsSwift WatchKit App.app in Embed Watch Content */,
			);
			name = "Embed Watch Content";
			runOnlyForDeploymentPostprocessing = 0;
		};
/* End PBXCopyFilesBuildPhase section */

/* Begin PBXFileReference section */
		C23AA0961B3C9EFF001ECB54 /* WatchAnimationsSwift.app */ = {isa = PBXFileReference; explicitFileType = wrapper.application; includeInIndex = 0; path = WatchAnimationsSwift.app; sourceTree = BUILT_PRODUCTS_DIR; };
		C23AA0991B3C9EFF001ECB54 /* AppDelegate.swift */ = {isa = PBXFileReference; lastKnownFileType = sourcecode.swift; path = AppDelegate.swift; sourceTree = "<group>"; };
		C23AA09B1B3C9EFF001ECB54 /* ViewController.swift */ = {isa = PBXFileReference; lastKnownFileType = sourcecode.swift; path = ViewController.swift; sourceTree = "<group>"; };
		C23AA09E1B3C9EFF001ECB54 /* Base */ = {isa = PBXFileReference; lastKnownFileType = file.storyboard; name = Base; path = Base.lproj/Main.storyboard; sourceTree = "<group>"; };
		C23AA0A01B3C9EFF001ECB54 /* Assets.xcassets */ = {isa = PBXFileReference; lastKnownFileType = folder.assetcatalog; path = Assets.xcassets; sourceTree = "<group>"; };
		C23AA0A31B3C9EFF001ECB54 /* Base */ = {isa = PBXFileReference; lastKnownFileType = file.storyboard; name = Base; path = Base.lproj/LaunchScreen.storyboard; sourceTree = "<group>"; };
		C23AA0A51B3C9EFF001ECB54 /* Info.plist */ = {isa = PBXFileReference; lastKnownFileType = text.plist.xml; path = Info.plist; sourceTree = "<group>"; };
		C23AA0A81B3C9EFF001ECB54 /* WatchAnimationsSwift WatchKit App.app */ = {isa = PBXFileReference; explicitFileType = wrapper.application; includeInIndex = 0; path = "WatchAnimationsSwift WatchKit App.app"; sourceTree = BUILT_PRODUCTS_DIR; };
		C23AA0AE1B3C9EFF001ECB54 /* Base */ = {isa = PBXFileReference; lastKnownFileType = file.storyboard; name = Base; path = Base.lproj/Interface.storyboard; sourceTree = "<group>"; };
		C23AA0B01B3C9EFF001ECB54 /* Assets.xcassets */ = {isa = PBXFileReference; lastKnownFileType = folder.assetcatalog; path = Assets.xcassets; sourceTree = "<group>"; };
		C23AA0B21B3C9EFF001ECB54 /* Info.plist */ = {isa = PBXFileReference; lastKnownFileType = text.plist.xml; path = Info.plist; sourceTree = "<group>"; };
		C23AA0B71B3C9EFF001ECB54 /* WatchAnimationsSwift WatchKit Extension.appex */ = {isa = PBXFileReference; explicitFileType = "wrapper.app-extension"; includeInIndex = 0; path = "WatchAnimationsSwift WatchKit Extension.appex"; sourceTree = BUILT_PRODUCTS_DIR; };
		C23AA0BD1B3C9EFF001ECB54 /* PushNotificationPayload.apns */ = {isa = PBXFileReference; lastKnownFileType = text; path = PushNotificationPayload.apns; sourceTree = "<group>"; };
		C23AA0BE1B3C9EFF001ECB54 /* InterfaceController.swift */ = {isa = PBXFileReference; lastKnownFileType = sourcecode.swift; path = InterfaceController.swift; sourceTree = "<group>"; };
		C23AA0C01B3C9EFF001ECB54 /* ExtensionDelegate.swift */ = {isa = PBXFileReference; lastKnownFileType = sourcecode.swift; path = ExtensionDelegate.swift; sourceTree = "<group>"; };
		C23AA0C41B3C9EFF001ECB54 /* Assets.xcassets */ = {isa = PBXFileReference; lastKnownFileType = folder.assetcatalog; path = Assets.xcassets; sourceTree = "<group>"; };
		C23AA0C61B3C9EFF001ECB54 /* Info.plist */ = {isa = PBXFileReference; lastKnownFileType = text.plist.xml; path = Info.plist; sourceTree = "<group>"; };
/* End PBXFileReference section */

/* Begin PBXFrameworksBuildPhase section */
		C23AA0931B3C9EFF001ECB54 /* Frameworks */ = {
			isa = PBXFrameworksBuildPhase;
			buildActionMask = 2147483647;
			files = (
			);
			runOnlyForDeploymentPostprocessing = 0;
		};
		C23AA0B41B3C9EFF001ECB54 /* Frameworks */ = {
			isa = PBXFrameworksBuildPhase;
			buildActionMask = 2147483647;
			files = (
			);
			runOnlyForDeploymentPostprocessing = 0;
		};
/* End PBXFrameworksBuildPhase section */

/* Begin PBXGroup section */
		C23AA08D1B3C9EFF001ECB54 = {
			isa = PBXGroup;
			children = (
				C23AA0981B3C9EFF001ECB54 /* WatchAnimationsSwift */,
				C23AA0AC1B3C9EFF001ECB54 /* WatchAnimationsSwift WatchKit App */,
				C23AA0BB1B3C9EFF001ECB54 /* WatchAnimationsSwift WatchKit Extension */,
				C23AA0971B3C9EFF001ECB54 /* Products */,
			);
			sourceTree = "<group>";
		};
		C23AA0971B3C9EFF001ECB54 /* Products */ = {
			isa = PBXGroup;
			children = (
				C23AA0961B3C9EFF001ECB54 /* WatchAnimationsSwift.app */,
				C23AA0A81B3C9EFF001ECB54 /* WatchAnimationsSwift WatchKit App.app */,
				C23AA0B71B3C9EFF001ECB54 /* WatchAnimationsSwift WatchKit Extension.appex */,
			);
			name = Products;
			sourceTree = "<group>";
		};
		C23AA0981B3C9EFF001ECB54 /* WatchAnimationsSwift */ = {
			isa = PBXGroup;
			children = (
				C23AA0991B3C9EFF001ECB54 /* AppDelegate.swift */,
				C23AA09B1B3C9EFF001ECB54 /* ViewController.swift */,
				C23AA09D1B3C9EFF001ECB54 /* Main.storyboard */,
				C23AA0A01B3C9EFF001ECB54 /* Assets.xcassets */,
				C23AA0A21B3C9EFF001ECB54 /* LaunchScreen.storyboard */,
				C23AA0A51B3C9EFF001ECB54 /* Info.plist */,
			);
			path = WatchAnimationsSwift;
			sourceTree = "<group>";
		};
		C23AA0AC1B3C9EFF001ECB54 /* WatchAnimationsSwift WatchKit App */ = {
			isa = PBXGroup;
			children = (
				C23AA0AD1B3C9EFF001ECB54 /* Interface.storyboard */,
				C23AA0B01B3C9EFF001ECB54 /* Assets.xcassets */,
				C23AA0B21B3C9EFF001ECB54 /* Info.plist */,
			);
			path = "WatchAnimationsSwift WatchKit App";
			sourceTree = "<group>";
		};
		C23AA0BB1B3C9EFF001ECB54 /* WatchAnimationsSwift WatchKit Extension */ = {
			isa = PBXGroup;
			children = (
				C23AA0BE1B3C9EFF001ECB54 /* InterfaceController.swift */,
				C23AA0C01B3C9EFF001ECB54 /* ExtensionDelegate.swift */,
				C23AA0C41B3C9EFF001ECB54 /* Assets.xcassets */,
				C23AA0C61B3C9EFF001ECB54 /* Info.plist */,
				C23AA0BC1B3C9EFF001ECB54 /* Supporting Files */,
			);
			path = "WatchAnimationsSwift WatchKit Extension";
			sourceTree = "<group>";
		};
		C23AA0BC1B3C9EFF001ECB54 /* Supporting Files */ = {
			isa = PBXGroup;
			children = (
				C23AA0BD1B3C9EFF001ECB54 /* PushNotificationPayload.apns */,
			);
			name = "Supporting Files";
			sourceTree = "<group>";
		};
/* End PBXGroup section */

/* Begin PBXNativeTarget section */
		C23AA0951B3C9EFF001ECB54 /* WatchAnimationsSwift */ = {
			isa = PBXNativeTarget;
			buildConfigurationList = C23AA0D11B3C9EFF001ECB54 /* Build configuration list for PBXNativeTarget "WatchAnimationsSwift" */;
			buildPhases = (
				C23AA0921B3C9EFF001ECB54 /* Sources */,
				C23AA0931B3C9EFF001ECB54 /* Frameworks */,
				C23AA0941B3C9EFF001ECB54 /* Resources */,
				C23AA0D01B3C9EFF001ECB54 /* Embed Watch Content */,
			);
			buildRules = (
			);
			dependencies = (
				C23AA0AB1B3C9EFF001ECB54 /* PBXTargetDependency */,
			);
			name = WatchAnimationsSwift;
			productName = WatchAnimationsSwift;
			productReference = C23AA0961B3C9EFF001ECB54 /* WatchAnimationsSwift.app */;
			productType = "com.apple.product-type.application";
		};
		C23AA0A71B3C9EFF001ECB54 /* WatchAnimationsSwift WatchKit App */ = {
			isa = PBXNativeTarget;
			buildConfigurationList = C23AA0CD1B3C9EFF001ECB54 /* Build configuration list for PBXNativeTarget "WatchAnimationsSwift WatchKit App" */;
			buildPhases = (
				C23AA0A61B3C9EFF001ECB54 /* Resources */,
				C23AA0CC1B3C9EFF001ECB54 /* Embed App Extensions */,
			);
			buildRules = (
			);
			dependencies = (
				C23AA0BA1B3C9EFF001ECB54 /* PBXTargetDependency */,
			);
			name = "WatchAnimationsSwift WatchKit App";
			productName = "WatchAnimationsSwift WatchKit App";
			productReference = C23AA0A81B3C9EFF001ECB54 /* WatchAnimationsSwift WatchKit App.app */;
			productType = "com.apple.product-type.application.watchapp2";
		};
		C23AA0B61B3C9EFF001ECB54 /* WatchAnimationsSwift WatchKit Extension */ = {
			isa = PBXNativeTarget;
			buildConfigurationList = C23AA0C91B3C9EFF001ECB54 /* Build configuration list for PBXNativeTarget "WatchAnimationsSwift WatchKit Extension" */;
			buildPhases = (
				C23AA0B31B3C9EFF001ECB54 /* Sources */,
				C23AA0B41B3C9EFF001ECB54 /* Frameworks */,
				C23AA0B51B3C9EFF001ECB54 /* Resources */,
			);
			buildRules = (
			);
			dependencies = (
			);
			name = "WatchAnimationsSwift WatchKit Extension";
			productName = "WatchAnimationsSwift WatchKit Extension";
			productReference = C23AA0B71B3C9EFF001ECB54 /* WatchAnimationsSwift WatchKit Extension.appex */;
			productType = "com.apple.product-type.watchkit2-extension";
		};
/* End PBXNativeTarget section */

/* Begin PBXProject section */
		C23AA08E1B3C9EFF001ECB54 /* Project object */ = {
			isa = PBXProject;
			attributes = {
				LastUpgradeCheck = 0700;
				ORGANIZATIONNAME = "Kristina Thai";
				TargetAttributes = {
					C23AA0951B3C9EFF001ECB54 = {
						CreatedOnToolsVersion = 7.0;
					};
					C23AA0A71B3C9EFF001ECB54 = {
						CreatedOnToolsVersion = 7.0;
					};
					C23AA0B61B3C9EFF001ECB54 = {
						CreatedOnToolsVersion = 7.0;
					};
				};
			};
			buildConfigurationList = C23AA0911B3C9EFF001ECB54 /* Build configuration list for PBXProject "WatchAnimationsSwift" */;
			compatibilityVersion = "Xcode 3.2";
			developmentRegion = English;
			hasScannedForEncodings = 0;
			knownRegions = (
				en,
				Base,
			);
			mainGroup = C23AA08D1B3C9EFF001ECB54;
			productRefGroup = C23AA0971B3C9EFF001ECB54 /* Products */;
			projectDirPath = "";
			projectRoot = "";
			targets = (
				C23AA0951B3C9EFF001ECB54 /* WatchAnimationsSwift */,
				C23AA0A71B3C9EFF001ECB54 /* WatchAnimationsSwift WatchKit App */,
				C23AA0B61B3C9EFF001ECB54 /* WatchAnimationsSwift WatchKit Extension */,
			);
		};
/* End PBXProject section */

/* Begin PBXResourcesBuildPhase section */
		C23AA0941B3C9EFF001ECB54 /* Resources */ = {
			isa = PBXResourcesBuildPhase;
			buildActionMask = 2147483647;
			files = (
				C23AA0A41B3C9EFF001ECB54 /* LaunchScreen.storyboard in Resources */,
				C23AA0A11B3C9EFF001ECB54 /* Assets.xcassets in Resources */,
				C23AA09F1B3C9EFF001ECB54 /* Main.storyboard in Resources */,
			);
			runOnlyForDeploymentPostprocessing = 0;
		};
		C23AA0A61B3C9EFF001ECB54 /* Resources */ = {
			isa = PBXResourcesBuildPhase;
			buildActionMask = 2147483647;
			files = (
				C23AA0B11B3C9EFF001ECB54 /* Assets.xcassets in Resources */,
				C23AA0AF1B3C9EFF001ECB54 /* Interface.storyboard in Resources */,
			);
			runOnlyForDeploymentPostprocessing = 0;
		};
		C23AA0B51B3C9EFF001ECB54 /* Resources */ = {
			isa = PBXResourcesBuildPhase;
			buildActionMask = 2147483647;
			files = (
				C23AA0C51B3C9EFF001ECB54 /* Assets.xcassets in Resources */,
			);
			runOnlyForDeploymentPostprocessing = 0;
		};
/* End PBXResourcesBuildPhase section */

/* Begin PBXSourcesBuildPhase section */
		C23AA0921B3C9EFF001ECB54 /* Sources */ = {
			isa = PBXSourcesBuildPhase;
			buildActionMask = 2147483647;
			files = (
				C23AA09C1B3C9EFF001ECB54 /* ViewController.swift in Sources */,
				C23AA09A1B3C9EFF001ECB54 /* AppDelegate.swift in Sources */,
			);
			runOnlyForDeploymentPostprocessing = 0;
		};
		C23AA0B31B3C9EFF001ECB54 /* Sources */ = {
			isa = PBXSourcesBuildPhase;
			buildActionMask = 2147483647;
			files = (
				C23AA0C11B3C9EFF001ECB54 /* ExtensionDelegate.swift in Sources */,
				C23AA0BF1B3C9EFF001ECB54 /* InterfaceController.swift in Sources */,
			);
			runOnlyForDeploymentPostprocessing = 0;
		};
/* End PBXSourcesBuildPhase section */

/* Begin PBXTargetDependency section */
		C23AA0AB1B3C9EFF001ECB54 /* PBXTargetDependency */ = {
			isa = PBXTargetDependency;
			target = C23AA0A71B3C9EFF001ECB54 /* WatchAnimationsSwift WatchKit App */;
			targetProxy = C23AA0AA1B3C9EFF001ECB54 /* PBXContainerItemProxy */;
		};
		C23AA0BA1B3C9EFF001ECB54 /* PBXTargetDependency */ = {
			isa = PBXTargetDependency;
			target = C23AA0B61B3C9EFF001ECB54 /* WatchAnimationsSwift WatchKit Extension */;
			targetProxy = C23AA0B91B3C9EFF001ECB54 /* PBXContainerItemProxy */;
		};
/* End PBXTargetDependency section */

/* Begin PBXVariantGroup section */
		C23AA09D1B3C9EFF001ECB54 /* Main.storyboard */ = {
			isa = PBXVariantGroup;
			children = (
				C23AA09E1B3C9EFF001ECB54 /* Base */,
			);
			name = Main.storyboard;
			sourceTree = "<group>";
		};
		C23AA0A21B3C9EFF001ECB54 /* LaunchScreen.storyboard */ = {
			isa = PBXVariantGroup;
			children = (
				C23AA0A31B3C9EFF001ECB54 /* Base */,
			);
			name = LaunchScreen.storyboard;
			sourceTree = "<group>";
		};
		C23AA0AD1B3C9EFF001ECB54 /* Interface.storyboard */ = {
			isa = PBXVariantGroup;
			children = (
				C23AA0AE1B3C9EFF001ECB54 /* Base */,
			);
			name = Interface.storyboard;
			sourceTree = "<group>";
		};
/* End PBXVariantGroup section */

/* Begin XCBuildConfiguration section */
		C23AA0C71B3C9EFF001ECB54 /* Debug */ = {
			isa = XCBuildConfiguration;
			buildSettings = {
				ALWAYS_SEARCH_USER_PATHS = NO;
				CLANG_CXX_LANGUAGE_STANDARD = "gnu++0x";
				CLANG_CXX_LIBRARY = "libc++";
				CLANG_ENABLE_MODULES = YES;
				CLANG_ENABLE_OBJC_ARC = YES;
				CLANG_WARN_BOOL_CONVERSION = YES;
				CLANG_WARN_CONSTANT_CONVERSION = YES;
				CLANG_WARN_DIRECT_OBJC_ISA_USAGE = YES_ERROR;
				CLANG_WARN_EMPTY_BODY = YES;
				CLANG_WARN_ENUM_CONVERSION = YES;
				CLANG_WARN_INT_CONVERSION = YES;
				CLANG_WARN_OBJC_ROOT_CLASS = YES_ERROR;
				CLANG_WARN_UNREACHABLE_CODE = YES;
				CLANG_WARN__DUPLICATE_METHOD_MATCH = YES;
				"CODE_SIGN_IDENTITY[sdk=iphoneos*]" = "iPhone Developer";
				COPY_PHASE_STRIP = NO;
				DEBUG_INFORMATION_FORMAT = dwarf;
				ENABLE_STRICT_OBJC_MSGSEND = YES;
				ENABLE_TESTABILITY = YES;
				GCC_C_LANGUAGE_STANDARD = gnu99;
				GCC_DYNAMIC_NO_PIC = NO;
				GCC_NO_COMMON_BLOCKS = YES;
				GCC_OPTIMIZATION_LEVEL = 0;
				GCC_PREPROCESSOR_DEFINITIONS = (
					"DEBUG=1",
					"$(inherited)",
				);
				GCC_WARN_64_TO_32_BIT_CONVERSION = YES;
				GCC_WARN_ABOUT_RETURN_TYPE = YES_ERROR;
				GCC_WARN_UNDECLARED_SELECTOR = YES;
				GCC_WARN_UNINITIALIZED_AUTOS = YES_AGGRESSIVE;
				GCC_WARN_UNUSED_FUNCTION = YES;
				GCC_WARN_UNUSED_VARIABLE = YES;
				IPHONEOS_DEPLOYMENT_TARGET = 9.0;
				MTL_ENABLE_DEBUG_INFO = YES;
				ONLY_ACTIVE_ARCH = YES;
				SDKROOT = iphoneos;
				SWIFT_OPTIMIZATION_LEVEL = "-Onone";
				TARGETED_DEVICE_FAMILY = "1,2";
			};
			name = Debug;
		};
		C23AA0C81B3C9EFF001ECB54 /* Release */ = {
			isa = XCBuildConfiguration;
			buildSettings = {
				ALWAYS_SEARCH_USER_PATHS = NO;
				CLANG_CXX_LANGUAGE_STANDARD = "gnu++0x";
				CLANG_CXX_LIBRARY = "libc++";
				CLANG_ENABLE_MODULES = YES;
				CLANG_ENABLE_OBJC_ARC = YES;
				CLANG_WARN_BOOL_CONVERSION = YES;
				CLANG_WARN_CONSTANT_CONVERSION = YES;
				CLANG_WARN_DIRECT_OBJC_ISA_USAGE = YES_ERROR;
				CLANG_WARN_EMPTY_BODY = YES;
				CLANG_WARN_ENUM_CONVERSION = YES;
				CLANG_WARN_INT_CONVERSION = YES;
				CLANG_WARN_OBJC_ROOT_CLASS = YES_ERROR;
				CLANG_WARN_UNREACHABLE_CODE = YES;
				CLANG_WARN__DUPLICATE_METHOD_MATCH = YES;
				"CODE_SIGN_IDENTITY[sdk=iphoneos*]" = "iPhone Developer";
				COPY_PHASE_STRIP = NO;
				DEBUG_INFORMATION_FORMAT = "dwarf-with-dsym";
				ENABLE_NS_ASSERTIONS = NO;
				ENABLE_STRICT_OBJC_MSGSEND = YES;
				GCC_C_LANGUAGE_STANDARD = gnu99;
				GCC_NO_COMMON_BLOCKS = YES;
				GCC_WARN_64_TO_32_BIT_CONVERSION = YES;
				GCC_WARN_ABOUT_RETURN_TYPE = YES_ERROR;
				GCC_WARN_UNDECLARED_SELECTOR = YES;
				GCC_WARN_UNINITIALIZED_AUTOS = YES_AGGRESSIVE;
				GCC_WARN_UNUSED_FUNCTION = YES;
				GCC_WARN_UNUSED_VARIABLE = YES;
				IPHONEOS_DEPLOYMENT_TARGET = 9.0;
				MTL_ENABLE_DEBUG_INFO = NO;
				SDKROOT = iphoneos;
				TARGETED_DEVICE_FAMILY = "1,2";
				VALIDATE_PRODUCT = YES;
			};
			name = Release;
		};
		C23AA0CA1B3C9EFF001ECB54 /* Debug */ = {
			isa = XCBuildConfiguration;
			buildSettings = {
				"CODE_SIGN_IDENTITY[sdk=watchos*]" = "iPhone Developer";
				INFOPLIST_FILE = "WatchAnimationsSwift WatchKit Extension/Info.plist";
				LD_RUNPATH_SEARCH_PATHS = "$(inherited) @executable_path/Frameworks @executable_path/../../Frameworks";
				PRODUCT_BUNDLE_IDENTIFIER = kristina.WatchAnimationsSwift.watchkitapp.watchkitextension;
				PRODUCT_NAME = "${TARGET_NAME}";
				SDKROOT = watchos;
				SKIP_INSTALL = YES;
				TARGETED_DEVICE_FAMILY = 4;
				WATCHOS_DEPLOYMENT_TARGET = 2.0;
			};
			name = Debug;
		};
		C23AA0CB1B3C9EFF001ECB54 /* Release */ = {
			isa = XCBuildConfiguration;
			buildSettings = {
				"CODE_SIGN_IDENTITY[sdk=watchos*]" = "iPhone Developer";
				INFOPLIST_FILE = "WatchAnimationsSwift WatchKit Extension/Info.plist";
				LD_RUNPATH_SEARCH_PATHS = "$(inherited) @executable_path/Frameworks @executable_path/../../Frameworks";
				PRODUCT_BUNDLE_IDENTIFIER = kristina.WatchAnimationsSwift.watchkitapp.watchkitextension;
				PRODUCT_NAME = "${TARGET_NAME}";
				SDKROOT = watchos;
				SKIP_INSTALL = YES;
				TARGETED_DEVICE_FAMILY = 4;
				WATCHOS_DEPLOYMENT_TARGET = 2.0;
			};
			name = Release;
		};
		C23AA0CE1B3C9EFF001ECB54 /* Debug */ = {
			isa = XCBuildConfiguration;
			buildSettings = {
				ASSETCATALOG_COMPILER_APPICON_NAME = AppIcon;
				"CODE_SIGN_IDENTITY[sdk=watchos*]" = "iPhone Developer";
				EMBEDDED_CONTENT_CONTAINS_SWIFT = YES;
				IBSC_MODULE = WatchAnimationsSwift_WatchKit_Extension;
				INFOPLIST_FILE = "WatchAnimationsSwift WatchKit App/Info.plist";
				PRODUCT_BUNDLE_IDENTIFIER = kristina.WatchAnimationsSwift.watchkitapp;
				PRODUCT_NAME = "$(TARGET_NAME)";
				SDKROOT = watchos;
				SKIP_INSTALL = YES;
				TARGETED_DEVICE_FAMILY = 4;
				WATCHOS_DEPLOYMENT_TARGET = 2.0;
			};
			name = Debug;
		};
		C23AA0CF1B3C9EFF001ECB54 /* Release */ = {
			isa = XCBuildConfiguration;
			buildSettings = {
				ASSETCATALOG_COMPILER_APPICON_NAME = AppIcon;
				"CODE_SIGN_IDENTITY[sdk=watchos*]" = "iPhone Developer";
				EMBEDDED_CONTENT_CONTAINS_SWIFT = YES;
				IBSC_MODULE = WatchAnimationsSwift_WatchKit_Extension;
				INFOPLIST_FILE = "WatchAnimationsSwift WatchKit App/Info.plist";
				PRODUCT_BUNDLE_IDENTIFIER = kristina.WatchAnimationsSwift.watchkitapp;
				PRODUCT_NAME = "$(TARGET_NAME)";
				SDKROOT = watchos;
				SKIP_INSTALL = YES;
				TARGETED_DEVICE_FAMILY = 4;
				WATCHOS_DEPLOYMENT_TARGET = 2.0;
			};
			name = Release;
		};
		C23AA0D21B3C9EFF001ECB54 /* Debug */ = {
			isa = XCBuildConfiguration;
			buildSettings = {
				ASSETCATALOG_COMPILER_APPICON_NAME = AppIcon;
				INFOPLIST_FILE = WatchAnimationsSwift/Info.plist;
				LD_RUNPATH_SEARCH_PATHS = "$(inherited) @executable_path/Frameworks";
				PRODUCT_BUNDLE_IDENTIFIER = kristina.WatchAnimationsSwift;
				PRODUCT_NAME = "$(TARGET_NAME)";
			};
			name = Debug;
		};
		C23AA0D31B3C9EFF001ECB54 /* Release */ = {
			isa = XCBuildConfiguration;
			buildSettings = {
				ASSETCATALOG_COMPILER_APPICON_NAME = AppIcon;
				INFOPLIST_FILE = WatchAnimationsSwift/Info.plist;
				LD_RUNPATH_SEARCH_PATHS = "$(inherited) @executable_path/Frameworks";
				PRODUCT_BUNDLE_IDENTIFIER = kristina.WatchAnimationsSwift;
				PRODUCT_NAME = "$(TARGET_NAME)";
			};
			name = Release;
		};
/* End XCBuildConfiguration section */

/* Begin XCConfigurationList section */
		C23AA0911B3C9EFF001ECB54 /* Build configuration list for PBXProject "WatchAnimationsSwift" */ = {
			isa = XCConfigurationList;
			buildConfigurations = (
				C23AA0C71B3C9EFF001ECB54 /* Debug */,
				C23AA0C81B3C9EFF001ECB54 /* Release */,
			);
			defaultConfigurationIsVisible = 0;
			defaultConfigurationName = Release;
		};
		C23AA0C91B3C9EFF001ECB54 /* Build configuration list for PBXNativeTarget "WatchAnimationsSwift WatchKit Extension" */ = {
			isa = XCConfigurationList;
			buildConfigurations = (
				C23AA0CA1B3C9EFF001ECB54 /* Debug */,
				C23AA0CB1B3C9EFF001ECB54 /* Release */,
			);
			defaultConfigurationIsVisible = 0;
			defaultConfigurationName = Release;
		};
		C23AA0CD1B3C9EFF001ECB54 /* Build configuration list for PBXNativeTarget "WatchAnimationsSwift WatchKit App" */ = {
			isa = XCConfigurationList;
			buildConfigurations = (
				C23AA0CE1B3C9EFF001ECB54 /* Debug */,
				C23AA0CF1B3C9EFF001ECB54 /* Release */,
			);
			defaultConfigurationIsVisible = 0;
			defaultConfigurationName = Release;
		};
		C23AA0D11B3C9EFF001ECB54 /* Build configuration list for PBXNativeTarget "WatchAnimationsSwift" */ = {
			isa = XCConfigurationList;
			buildConfigurations = (
				C23AA0D21B3C9EFF001ECB54 /* Debug */,
				C23AA0D31B3C9EFF001ECB54 /* Release */,
			);
			defaultConfigurationIsVisible = 0;
			defaultConfigurationName = Release;
		};
/* End XCConfigurationList section */
	};
	rootObject = C23AA08E1B3C9EFF001ECB54 /* Project object */;
}
